
Microsoft Visual Studio Solution File, Format Version 12.00
# Visual Studio Version 16
VisualStudioVersion = 16.0.31402.337
MinimumVisualStudioVersion = 10.0.40219.1
Project("{FAE04EC0-301F-11D3-BF4B-00C04F79EFBC}") = "Excersizes_in_class", "Excersizes_in_class\Excersizes_in_class.csproj", "{206817AF-588A-4D8E-9C8B-5F11C06C7F0F}"
EndProject
Global
	GlobalSection(SolutionConfigurationPlatforms) = preSolution
		Debug|Any CPU = Debug|Any CPU
		Release|Any CPU = Release|Any CPU
	EndGlobalSection
	GlobalSection(ProjectConfigurationPlatforms) = postSolution
		{206817AF-588A-4D8E-9C8B-5F11C06C7F0F}.Debug|Any CPU.ActiveCfg = Debug|Any CPU
		{206817AF-588A-4D8E-9C8B-5F11C06C7F0F}.Debug|Any CPU.Build.0 = Debug|Any CPU
		{206817AF-588A-4D8E-9C8B-5F11C06C7F0F}.Release|Any CPU.ActiveCfg = Release|Any CPU
		{206817AF-588A-4D8E-9C8B-5F11C06C7F0F}.Release|Any CPU.Build.0 = Release|Any CPU
	EndGlobalSection
	GlobalSection(SolutionProperties) = preSolution
		HideSolutionNode = FALSE
	EndGlobalSection
	GlobalSection(ExtensibilityGlobals) = postSolution
		SolutionGuid = {678143AA-989C-402D-975C-B818E616342A}
	EndGlobalSection
EndGlobal
